
Microsoft Visual Studio Solution File, Format Version 12.00
# Visual Studio Version 16
VisualStudioVersion = 16.0.30114.105
MinimumVisualStudioVersion = 10.0.40219.1
Project("{FAE04EC0-301F-11D3-BF4B-00C04F79EFBC}") = "NethereumConsole", "NethereumConsole\NethereumConsole.csproj", "{CCDF9B58-8EB5-4DED-822A-1FEAF0E7DC46}"
EndProject
Project("{FAE04EC0-301F-11D3-BF4B-00C04F79EFBC}") = "EthereumSmartContracts", "EthereumSmartContracts\EthereumSmartContracts.csproj", "{AEC063B0-9636-450D-9CA8-3F93E5F096BD}"
EndProject
Project("{FAE04EC0-301F-11D3-BF4B-00C04F79EFBC}") = "EthereumLib", "EthereumLib\EthereumLib.csproj", "{74AEC33C-A155-4C45-9287-90226325D13F}"
EndProject
Project("{FAE04EC0-301F-11D3-BF4B-00C04F79EFBC}") = "BlockchainWEB", "BlockchainWEB\BlockchainWEB.csproj", "{9E5F95A7-ED97-41B4-A869-AB997A9C98B8}"
EndProject
Project("{FAE04EC0-301F-11D3-BF4B-00C04F79EFBC}") = "BlockchainAPI", "BlockchainAPI\BlockchainAPI.csproj", "{B63012F1-F873-4D93-B6AA-BF415B71DE3F}"
EndProject
Global
	GlobalSection(SolutionConfigurationPlatforms) = preSolution
		Debug|Any CPU = Debug|Any CPU
		Debug|x64 = Debug|x64
		Debug|x86 = Debug|x86
		Release|Any CPU = Release|Any CPU
		Release|x64 = Release|x64
		Release|x86 = Release|x86
	EndGlobalSection
	GlobalSection(SolutionProperties) = preSolution
		HideSolutionNode = FALSE
	EndGlobalSection
	GlobalSection(ProjectConfigurationPlatforms) = postSolution
		{CCDF9B58-8EB5-4DED-822A-1FEAF0E7DC46}.Debug|Any CPU.ActiveCfg = Debug|Any CPU
		{CCDF9B58-8EB5-4DED-822A-1FEAF0E7DC46}.Debug|Any CPU.Build.0 = Debug|Any CPU
		{CCDF9B58-8EB5-4DED-822A-1FEAF0E7DC46}.Debug|x64.ActiveCfg = Debug|Any CPU
		{CCDF9B58-8EB5-4DED-822A-1FEAF0E7DC46}.Debug|x64.Build.0 = Debug|Any CPU
		{CCDF9B58-8EB5-4DED-822A-1FEAF0E7DC46}.Debug|x86.ActiveCfg = Debug|Any CPU
		{CCDF9B58-8EB5-4DED-822A-1FEAF0E7DC46}.Debug|x86.Build.0 = Debug|Any CPU
		{CCDF9B58-8EB5-4DED-822A-1FEAF0E7DC46}.Release|Any CPU.ActiveCfg = Release|Any CPU
		{CCDF9B58-8EB5-4DED-822A-1FEAF0E7DC46}.Release|Any CPU.Build.0 = Release|Any CPU
		{CCDF9B58-8EB5-4DED-822A-1FEAF0E7DC46}.Release|x64.ActiveCfg = Release|Any CPU
		{CCDF9B58-8EB5-4DED-822A-1FEAF0E7DC46}.Release|x64.Build.0 = Release|Any CPU
		{CCDF9B58-8EB5-4DED-822A-1FEAF0E7DC46}.Release|x86.ActiveCfg = Release|Any CPU
		{CCDF9B58-8EB5-4DED-822A-1FEAF0E7DC46}.Release|x86.Build.0 = Release|Any CPU
		{AEC063B0-9636-450D-9CA8-3F93E5F096BD}.Debug|Any CPU.ActiveCfg = Debug|Any CPU
		{AEC063B0-9636-450D-9CA8-3F93E5F096BD}.Debug|Any CPU.Build.0 = Debug|Any CPU
		{AEC063B0-9636-450D-9CA8-3F93E5F096BD}.Debug|x64.ActiveCfg = Debug|Any CPU
		{AEC063B0-9636-450D-9CA8-3F93E5F096BD}.Debug|x64.Build.0 = Debug|Any CPU
		{AEC063B0-9636-450D-9CA8-3F93E5F096BD}.Debug|x86.ActiveCfg = Debug|Any CPU
		{AEC063B0-9636-450D-9CA8-3F93E5F096BD}.Debug|x86.Build.0 = Debug|Any CPU
		{AEC063B0-9636-450D-9CA8-3F93E5F096BD}.Release|Any CPU.ActiveCfg = Release|Any CPU
		{AEC063B0-9636-450D-9CA8-3F93E5F096BD}.Release|Any CPU.Build.0 = Release|Any CPU
		{AEC063B0-9636-450D-9CA8-3F93E5F096BD}.Release|x64.ActiveCfg = Release|Any CPU
		{AEC063B0-9636-450D-9CA8-3F93E5F096BD}.Release|x64.Build.0 = Release|Any CPU
		{AEC063B0-9636-450D-9CA8-3F93E5F096BD}.Release|x86.ActiveCfg = Release|Any CPU
		{AEC063B0-9636-450D-9CA8-3F93E5F096BD}.Release|x86.Build.0 = Release|Any CPU
		{74AEC33C-A155-4C45-9287-90226325D13F}.Debug|Any CPU.ActiveCfg = Debug|Any CPU
		{74AEC33C-A155-4C45-9287-90226325D13F}.Debug|Any CPU.Build.0 = Debug|Any CPU
		{74AEC33C-A155-4C45-9287-90226325D13F}.Debug|x64.ActiveCfg = Debug|Any CPU
		{74AEC33C-A155-4C45-9287-90226325D13F}.Debug|x64.Build.0 = Debug|Any CPU
		{74AEC33C-A155-4C45-9287-90226325D13F}.Debug|x86.ActiveCfg = Debug|Any CPU
		{74AEC33C-A155-4C45-9287-90226325D13F}.Debug|x86.Build.0 = Debug|Any CPU
		{74AEC33C-A155-4C45-9287-90226325D13F}.Release|Any CPU.ActiveCfg = Release|Any CPU
		{74AEC33C-A155-4C45-9287-90226325D13F}.Release|Any CPU.Build.0 = Release|Any CPU
		{74AEC33C-A155-4C45-9287-90226325D13F}.Release|x64.ActiveCfg = Release|Any CPU
		{74AEC33C-A155-4C45-9287-90226325D13F}.Release|x64.Build.0 = Release|Any CPU
		{74AEC33C-A155-4C45-9287-90226325D13F}.Release|x86.ActiveCfg = Release|Any CPU
		{74AEC33C-A155-4C45-9287-90226325D13F}.Release|x86.Build.0 = Release|Any CPU
		{9E5F95A7-ED97-41B4-A869-AB997A9C98B8}.Debug|Any CPU.ActiveCfg = Debug|Any CPU
		{9E5F95A7-ED97-41B4-A869-AB997A9C98B8}.Debug|Any CPU.Build.0 = Debug|Any CPU
		{9E5F95A7-ED97-41B4-A869-AB997A9C98B8}.Debug|x64.ActiveCfg = Debug|Any CPU
		{9E5F95A7-ED97-41B4-A869-AB997A9C98B8}.Debug|x64.Build.0 = Debug|Any CPU
		{9E5F95A7-ED97-41B4-A869-AB997A9C98B8}.Debug|x86.ActiveCfg = Debug|Any CPU
		{9E5F95A7-ED97-41B4-A869-AB997A9C98B8}.Debug|x86.Build.0 = Debug|Any CPU
		{9E5F95A7-ED97-41B4-A869-AB997A9C98B8}.Release|Any CPU.ActiveCfg = Release|Any CPU
		{9E5F95A7-ED97-41B4-A869-AB997A9C98B8}.Release|Any CPU.Build.0 = Release|Any CPU
		{9E5F95A7-ED97-41B4-A869-AB997A9C98B8}.Release|x64.ActiveCfg = Release|Any CPU
		{9E5F95A7-ED97-41B4-A869-AB997A9C98B8}.Release|x64.Build.0 = Release|Any CPU
		{9E5F95A7-ED97-41B4-A869-AB997A9C98B8}.Release|x86.ActiveCfg = Release|Any CPU
		{9E5F95A7-ED97-41B4-A869-AB997A9C98B8}.Release|x86.Build.0 = Release|Any CPU
		{B63012F1-F873-4D93-B6AA-BF415B71DE3F}.Debug|Any CPU.ActiveCfg = Debug|Any CPU
		{B63012F1-F873-4D93-B6AA-BF415B71DE3F}.Debug|Any CPU.Build.0 = Debug|Any CPU
		{B63012F1-F873-4D93-B6AA-BF415B71DE3F}.Debug|x64.ActiveCfg = Debug|Any CPU
		{B63012F1-F873-4D93-B6AA-BF415B71DE3F}.Debug|x64.Build.0 = Debug|Any CPU
		{B63012F1-F873-4D93-B6AA-BF415B71DE3F}.Debug|x86.ActiveCfg = Debug|Any CPU
		{B63012F1-F873-4D93-B6AA-BF415B71DE3F}.Debug|x86.Build.0 = Debug|Any CPU
		{B63012F1-F873-4D93-B6AA-BF415B71DE3F}.Release|Any CPU.ActiveCfg = Release|Any CPU
		{B63012F1-F873-4D93-B6AA-BF415B71DE3F}.Release|Any CPU.Build.0 = Release|Any CPU
		{B63012F1-F873-4D93-B6AA-BF415B71DE3F}.Release|x64.ActiveCfg = Release|Any CPU
		{B63012F1-F873-4D93-B6AA-BF415B71DE3F}.Release|x64.Build.0 = Release|Any CPU
		{B63012F1-F873-4D93-B6AA-BF415B71DE3F}.Release|x86.ActiveCfg = Release|Any CPU
		{B63012F1-F873-4D93-B6AA-BF415B71DE3F}.Release|x86.Build.0 = Release|Any CPU
	EndGlobalSection
EndGlobal
